{
  "version": "5",
  "specifiers": {
    "jsr:@supabase/supabase-js@2": "2.110.1",
    "npm:@anthropic-ai/sdk@0.92.0": "0.92.0",
    "npm:@supabase/auth-js@2.110.1": "2.110.1",
    "npm:@supabase/functions-js@2.110.1": "2.110.1",
    "npm:@supabase/postgrest-js@2.110.1": "2.110.1",
    "npm:@supabase/realtime-js@2.110.1": "2.110.1",
    "npm:@supabase/storage-js@2.110.1": "2.110.1"
  },
  "jsr": {
    "@supabase/supabase-js@2.110.1": {
      "integrity": "2d28e53e105c7686fa563980fca398f6c0d37aaf30ac1beb32b2407bb9e36862",
      "dependencies": [
        "npm:@supabase/auth-js",
        "npm:@supabase/functions-js",
        "npm:@supabase/postgrest-js",
        "npm:@supabase/realtime-js",
        "npm:@supabase/storage-js"
      ]
    }
  },
  "npm": {
    "@anthropic-ai/sdk@0.92.0": {
      "integrity": "sha512-l653JFC83wCglH8H83t1xpgDurCyPyslYW1maPRdCsfuNuGbLvQjQ81sWd3Go3LWRm0jNspzAhuqAYV8r9joSw==",
      "dependencies": [
        "json-schema-to-ts"
      ],
      "bin": true
    },
    "@babel/runtime@7.29.7": {
      "integrity": "sha512-Nq8OhGWiZIZGV6hLHoyAKLLcJihP/xFeBMGJoUrxTX2psI8dCifzLhZISFb+VWS3wFMRDmCGw5R+dOySCqPLhw=="
    },
    "@supabase/auth-js@2.110.1": {
      "integrity": "sha512-8EJUoRoqzAYWkieHrLCrGrxs3cBbRB94xK8GzHe0aSLlSa4mt1enYLCiMgLiKJOF8GNYeX6PLTBNef0XAhILgw==",
      "dependencies": [
        "tslib"
      ]
    },
    "@supabase/functions-js@2.110.1": {
      "integrity": "sha512-Pm9HD9Qth6zQO0aOGZ3DxYb6QlCzrkTkP6eUEOvhTlbvcvYRDSCZXIJ5dkDLpqxD+gdrXfWDFOpU9BpRKYjsIQ==",
      "dependencies": [
        "tslib"
      ]
    },
    "@supabase/phoenix@0.4.4": {
      "integrity": "sha512-Gt0pqoXuIqX/8dvG0OKp/wMCobXNH3klNbUPBNyOfN0YA1IswrM3HyWFMOPk1Jy+BRaIyDPcFx4jLBwHNmlyfQ=="
    },
    "@supabase/postgrest-js@2.110.1": {
      "integrity": "sha512-BILNhS40oGlP2bn/VJjh/1hCyrWNMmpGZGcCrPvqd5R3s8gf8Bd5qyKoHZdMwTKynGCuJGjagRXa069abhibMw==",
      "dependencies": [
        "tslib"
      ]
    },
    "@supabase/realtime-js@2.110.1": {
      "integrity": "sha512-JmWCpMoe2iJPNrXIdHqIvf2Mie6NfSuWHS9Ve6YCmLkn1mNl3vrK3a67IukJ5lPjgmAzB+jFagyMz2oSIX+Xnw==",
      "dependencies": [
        "@supabase/phoenix",
        "tslib"
      ]
    },
    "@supabase/storage-js@2.110.1": {
      "integrity": "sha512-UqJGzhFMiIRBe8vT7a6ZtrN2U5YufH4Tk9nyc9KKfa2TUtV11BkSg/v3lyy/c4A8SbekVH3UywTF0s42zpF4zw==",
      "dependencies": [
        "iceberg-js",
        "tslib"
      ]
    },
    "iceberg-js@0.8.1": {
      "integrity": "sha512-1dhVQZXhcHje7798IVM+xoo/1ZdVfzOMIc8/rgVSijRK38EDqOJoGula9N/8ZI5RD8QTxNQtK/Gozpr+qUqRRA=="
    },
    "json-schema-to-ts@3.1.1": {
      "integrity": "sha512-+DWg8jCJG2TEnpy7kOm/7/AxaYoaRbjVB4LFZLySZlWn8exGs3A4OLJR966cVvU26N7X9TWxl+Jsw7dzAqKT6g==",
      "dependencies": [
        "@babel/runtime",
        "ts-algebra"
      ]
    },
    "ts-algebra@2.0.0": {
      "integrity": "sha512-FPAhNPFMrkwz76P7cdjdmiShwMynZYN6SgOujD1urY4oNm80Ou9oMdmbR45LotcKOXoy7wSmHkRFE6Mxbrhefw=="
    },
    "tslib@2.8.1": {
      "integrity": "sha512-oJFu94HQb+KVduSUQL7wnpmqnfmLsOA/nAh6b6EH0wCEoK0/mPeXU6c3wKDV83MkOuHPRHtSXKKU99IBazS/2w=="
    }
  }
}
